
Microsoft Visual Studio Solution File, Format Version 12.00
# Visual Studio Version 16
VisualStudioVersion = 16.0.31321.278
MinimumVisualStudioVersion = 10.0.40219.1
Project("{FAE04EC0-301F-11D3-BF4B-00C04F79EFBC}") = "ParkingPlaneAssistant.Consumer", "ParkingPlaneAssistant.Consumer.csproj", "{93409BC3-33CE-4DF9-B173-6D7DE5362248}"
EndProject
Global
	GlobalSection(SolutionConfigurationPlatforms) = preSolution
		Debug|Any CPU = Debug|Any CPU
		Release|Any CPU = Release|Any CPU
	EndGlobalSection
	GlobalSection(ProjectConfigurationPlatforms) = postSolution
		{93409BC3-33CE-4DF9-B173-6D7DE5362248}.Debug|Any CPU.ActiveCfg = Debug|Any CPU
		{93409BC3-33CE-4DF9-B173-6D7DE5362248}.Debug|Any CPU.Build.0 = Debug|Any CPU
		{93409BC3-33CE-4DF9-B173-6D7DE5362248}.Release|Any CPU.ActiveCfg = Release|Any CPU
		{93409BC3-33CE-4DF9-B173-6D7DE5362248}.Release|Any CPU.Build.0 = Release|Any CPU
	EndGlobalSection
	GlobalSection(SolutionProperties) = preSolution
		HideSolutionNode = FALSE
	EndGlobalSection
	GlobalSection(ExtensibilityGlobals) = postSolution
		SolutionGuid = {F7218258-094A-431E-BB6B-ED0B03F088DC}
	EndGlobalSection
EndGlobal
